<?xml version="1.0" encoding="utf-8"?>
<Project ToolsVersion="4.0" xmlns="http://schemas.microsoft.com/developer/msbuild/2003">
  <ItemGroup>
    <Filter Include="ソース ファイル">
      <UniqueIdentifier>{4FC737F1-C7A5-4376-A066-2A32D752A2FF}</UniqueIdentifier>
      <Extensions>cpp;c;cc;cxx;c++;cppm;ixx;def;odl;idl;hpj;bat;asm;asmx</Extensions>
    </Filter>
    <Filter Include="ヘッダー ファイル">
      <UniqueIdentifier>{93995380-89BD-4b04-88EB-625FBE52EBFB}</UniqueIdentifier>
      <Extensions>h;hh;hpp;hxx;h++;hm;inl;inc;ipp;xsd</Extensions>
    </Filter>
    <Filter Include="リソース ファイル">
      <UniqueIdentifier>{67DA6AB6-F800-4c08-8B7A-83BB121AAD01}</UniqueIdentifier>
      <Extensions>rc;ico;cur;bmp;dlg;rc2;rct;bin;rgs;gif;jpg;jpeg;jpe;resx;tiff;tif;png;wav;mfcribbon-ms</Extensions>
    </Filter>
    <Filter Include="imgui">
      <UniqueIdentifier>{079cf7da-3f82-4dd3-9b48-71a0de5e38e0}</UniqueIdentifier>
    </Filter>
    <Filter Include="ソース ファイル\engine">
      <UniqueIdentifier>{a00f4ebc-61ee-4c06-8c8b-a89a47c62370}</UniqueIdentifier>
    </Filter>
    <Filter Include="ソース ファイル\engine\2d">
      <UniqueIdentifier>{667c2223-0c9e-43df-8ae9-10f72fa8386c}</UniqueIdentifier>
    </Filter>
    <Filter Include="ソース ファイル\engine\3d">
      <UniqueIdentifier>{8677b730-1c9f-47fb-b3fb-e8e3cfa1f1a1}</UniqueIdentifier>
    </Filter>
    <Filter Include="ソース ファイル\engine\audio">
      <UniqueIdentifier>{ec0455d5-072f-4610-b936-2f91bf9054cd}</UniqueIdentifier>
    </Filter>
    <Filter Include="ソース ファイル\engine\base">
      <UniqueIdentifier>{171540f1-d8e7-47a7-9378-e0286b7d5ad1}</UniqueIdentifier>
    </Filter>
    <Filter Include="ソース ファイル\engine\Core">
      <UniqueIdentifier>{c2d1d97d-3e87-4c65-9b36-f9b35a4f6d62}</UniqueIdentifier>
    </Filter>
    <Filter Include="ソース ファイル\engine\io">
      <UniqueIdentifier>{c178ec21-cab5-43c7-b10e-0630aa03bcba}</UniqueIdentifier>
    </Filter>
    <Filter Include="ソース ファイル\engine\math">
      <UniqueIdentifier>{bb539801-1e35-4a20-9e4d-e7c62bec7e15}</UniqueIdentifier>
    </Filter>
    <Filter Include="ソース ファイル\engine\scene">
      <UniqueIdentifier>{ea266e9b-861d-4864-ae1e-e30d685c871f}</UniqueIdentifier>
    </Filter>
    <Filter Include="ソース ファイル\engine\Level">
      <UniqueIdentifier>{ac6d3cc5-9bf7-4d2a-b64c-d59f60987ed1}</UniqueIdentifier>
    </Filter>
    <Filter Include="ヘッダー ファイル\engine\Level">
      <UniqueIdentifier>{d2427c5f-a8e3-44b2-98da-98f3cd366f4d}</UniqueIdentifier>
    </Filter>
    <Filter Include="ヘッダー ファイル\engine\Core">
      <UniqueIdentifier>{3e6d5a4d-f2a2-4d5a-a8a3-61c80fb6bcf9}</UniqueIdentifier>
    </Filter>
    <Filter Include="ソース ファイル\engine\Editor\BlenderSync">
      <UniqueIdentifier>{6ea87d6f-98fd-4ed6-8b5e-7bf9f2995ff1}</UniqueIdentifier>
    </Filter>
    <Filter Include="ヘッダー ファイル\engine\Editor\BlenderSync">
      <UniqueIdentifier>{fa4ec536-22dd-44c2-88b9-5fc5c1d1849d}</UniqueIdentifier>
    </Filter>
    <Filter Include="ソース ファイル\engine\Editor\Camera">
      <UniqueIdentifier>{e217527a-4fc4-4f77-a42c-7c4f36ec0f14}</UniqueIdentifier>
    </Filter>
    <Filter Include="ヘッダー ファイル\engine\Editor\Camera">
      <UniqueIdentifier>{09700cad-4df2-4b82-8c74-17ab4859f11e}</UniqueIdentifier>
    </Filter>
    <Filter Include="ソース ファイル\engine\Game\Player">
      <UniqueIdentifier>{18771bee-399b-4de6-b66d-51ae715bc7cf}</UniqueIdentifier>
    </Filter>
    <Filter Include="ヘッダー ファイル\engine\Game\Player">
      <UniqueIdentifier>{5be9c3ec-8a5f-4e4c-a8e1-2b9c71483651}</UniqueIdentifier>
    </Filter>
    <Filter Include="ソース ファイル\engine\Game\Enemy">
      <UniqueIdentifier>{1cb1f5c9-a3d4-4b7a-874d-bdf55f94f88a}</UniqueIdentifier>
    </Filter>
    <Filter Include="ヘッダー ファイル\engine\Game\Enemy">
      <UniqueIdentifier>{0ca6023a-53d5-49ed-b8bb-7c31e7760bc4}</UniqueIdentifier>
    </Filter>
    <Filter Include="ソース ファイル\engine\Game\Field">
      <UniqueIdentifier>{7e2d9f5b-df3f-4751-b893-1d6d932a63e4}</UniqueIdentifier>
    </Filter>
    <Filter Include="ヘッダー ファイル\engine\Game\Field">
      <UniqueIdentifier>{2a866948-9a0e-4f4a-99fa-5ebba8f03c12}</UniqueIdentifier>
    </Filter>
    <Filter Include="ソース ファイル\engine\Game\Camera">
      <UniqueIdentifier>{398aa9d9-f541-4edc-8c24-fef20b555ee1}</UniqueIdentifier>
    </Filter>
    <Filter Include="ヘッダー ファイル\engine\Game\Camera">
      <UniqueIdentifier>{ca9e2159-7f27-43a2-a85c-d92c4517e9f0}</UniqueIdentifier>
    </Filter>
    <Filter Include="ソース ファイル\engine\Game\DebugGui">
      <UniqueIdentifier>{f7c9010b-dfdb-4702-a146-35bfa038de40}</UniqueIdentifier>
    </Filter>
    <Filter Include="ヘッダー ファイル\engine\Game\DebugGui">
      <UniqueIdentifier>{8f45869f-8954-4c02-b31c-2be368ddf5ec}</UniqueIdentifier>
    </Filter>
    <Filter Include="ソース ファイル\engine\Game\Collision">
      <UniqueIdentifier>{926793ac-cf26-4d30-801f-196191710253}</UniqueIdentifier>
    </Filter>
    <Filter Include="ヘッダー ファイル\engine\Game\Collision">
      <UniqueIdentifier>{2f322e9a-48e3-4d4b-8540-dce4b6bb7410}</UniqueIdentifier>
    </Filter>
    <Filter Include="ソース ファイル\engine\Game\Effect">
      <UniqueIdentifier>{6b7bfbde-e79d-4cb7-9e1c-0f0dc2ad0e4a}</UniqueIdentifier>
    </Filter>
    <Filter Include="ヘッダー ファイル\engine\Game\Effect">
      <UniqueIdentifier>{b82c5044-cb4d-4821-8d71-f6d0b5db128b}</UniqueIdentifier>
    </Filter>
    <Filter Include="ソース ファイル\engine\Graphics\Shadow">
      <UniqueIdentifier>{2ce16c8d-ef3f-49d4-b384-13b433ab138a}</UniqueIdentifier>
    </Filter>
    <Filter Include="ヘッダー ファイル\engine\Graphics\Shadow">
      <UniqueIdentifier>{d831bf6b-b73d-41dc-9022-144ad7dd7bb9}</UniqueIdentifier>
    </Filter>
    <Filter Include="ソース ファイル\engine\Game\GameState">
      <UniqueIdentifier>{319fb8a2-57b6-4848-badc-e7efaa8ec343}</UniqueIdentifier>
    </Filter>
    <Filter Include="ヘッダー ファイル\engine\Game\GameState">
      <UniqueIdentifier>{25b59145-1145-43ee-80f5-fe78596fa58a}</UniqueIdentifier>
    </Filter>
    <Filter Include="ソース ファイル\engine\Game\RailShooter">
      <UniqueIdentifier>{1a86cd5f-1793-4b47-b958-8a7ce10bb69b}</UniqueIdentifier>
    </Filter>
    <Filter Include="ヘッダー ファイル\engine\Game\RailShooter">
      <UniqueIdentifier>{e113a578-3c95-4d64-b818-334507bde2f5}</UniqueIdentifier>
    </Filter>
    <Filter Include="ソース ファイル\application">
      <UniqueIdentifier>{da05e6c8-cb16-4e6c-bed8-45a4c3322b9f}</UniqueIdentifier>
    </Filter>
  </ItemGroup>
  <ItemGroup>
    <ClCompile Include="externals\imgui\imgui.cpp">
      <Filter>imgui</Filter>
    </ClCompile>
    <ClCompile Include="externals\imgui\ImGuizmo.cpp">
      <Filter>imgui</Filter>
    </ClCompile>
    <ClCompile Include="externals\imgui\imgui_demo.cpp">
      <Filter>imgui</Filter>
    </ClCompile>
    <ClCompile Include="externals\imgui\imgui_draw.cpp">
      <Filter>imgui</Filter>
    </ClCompile>
    <ClCompile Include="externals\imgui\imgui_impl_dx12.cpp">
      <Filter>imgui</Filter>
    </ClCompile>
    <ClCompile Include="externals\imgui\imgui_impl_win32.cpp">
      <Filter>imgui</Filter>
    </ClCompile>
    <ClCompile Include="externals\imgui\imgui_tables.cpp">
      <Filter>imgui</Filter>
    </ClCompile>
    <ClCompile Include="externals\imgui\imgui_widgets.cpp">
      <Filter>imgui</Filter>
    </ClCompile>
    <ClCompile Include="engine\base\main.cpp">
      <Filter>ソース ファイル\engine\base</Filter>
    </ClCompile>
    <ClCompile Include="engine\math\Matrix4x4.cpp">
      <Filter>ソース ファイル\engine\math</Filter>
    </ClCompile>
    <ClCompile Include="engine\Input\Input.cpp">
      <Filter>ソース ファイル</Filter>
    </ClCompile>
    <ClCompile Include="engine\Core\WinApp.cpp">
      <Filter>ソース ファイル</Filter>
    </ClCompile>
    <ClCompile Include="engine\Core\DirectXCommon.cpp">
      <Filter>ソース ファイル</Filter>
    </ClCompile>
    <ClCompile Include="engine\Utility\Logger.cpp">
      <Filter>ソース ファイル</Filter>
    </ClCompile>
    <ClCompile Include="engine\Utility\StringUtility.cpp">
      <Filter>ソース ファイル</Filter>
    </ClCompile>
    <ClCompile Include="engine\Core\D3DResourceLeakChecker.cpp">
      <Filter>ソース ファイル</Filter>
    </ClCompile>
    <ClCompile Include="engine\Graphics\Sprite\SpriteCommon.cpp">
      <Filter>ソース ファイル</Filter>
    </ClCompile>
    <ClCompile Include="engine\Graphics\Sprite\Sprite.cpp">
      <Filter>ソース ファイル</Filter>
    </ClCompile>
    <ClCompile Include="engine\Graphics\Texture\TextureManager.cpp">
      <Filter>ソース ファイル</Filter>
    </ClCompile>
    <ClCompile Include="engine\Graphics\Object3d\Object3dCommon.cpp">
      <Filter>ソース ファイル</Filter>
    </ClCompile>
    <ClCompile Include="engine\Graphics\Object3d\Object3d.cpp">
      <Filter>ソース ファイル</Filter>
    </ClCompile>
    <ClCompile Include="engine\Graphics\Model\ModelCommon.cpp">
      <Filter>ソース ファイル</Filter>
    </ClCompile>
    <ClCompile Include="engine\Graphics\Model\Model.cpp">
      <Filter>ソース ファイル</Filter>
    </ClCompile>
    <ClCompile Include="engine\Graphics\Model\ModelManager.cpp">
      <Filter>ソース ファイル</Filter>
    </ClCompile>
    <ClCompile Include="engine\Graphics\Model\ModelMaterial.cpp">
      <Filter>ソース ファイル</Filter>
    </ClCompile>
    <ClCompile Include="engine\Graphics\Camera\Camera.cpp">
      <Filter>ソース ファイル</Filter>
    </ClCompile>
    <ClCompile Include="engine\Graphics\Cloud\CloudVolume.cpp">
      <Filter>ソース ファイル</Filter>
    </ClCompile>
    <ClCompile Include="engine\Graphics\Effect\CylinderEffect.cpp">
      <Filter>ソース ファイル</Filter>
    </ClCompile>
    <ClCompile Include="engine\Graphics\Effect\PrimitiveEffectSystem.cpp">
      <Filter>ソース ファイル</Filter>
    </ClCompile>
    <ClCompile Include="engine\Graphics\Effect\RingEffect.cpp">
      <Filter>ソース ファイル</Filter>
    </ClCompile>
    <ClCompile Include="engine\Graphics\Effect\RotatingPlaneHitEffect.cpp">
      <Filter>ソース ファイル</Filter>
    </ClCompile>
    <ClCompile Include="engine\Core\SrvManager.cpp">
      <Filter>ソース ファイル</Filter>
    </ClCompile>
    <ClCompile Include="engine\Graphics\Particle\ParticleManager.cpp">
      <Filter>ソース ファイル</Filter>
    </ClCompile>
    <ClCompile Include="engine\Graphics\Model\PrimitiveGenerator.cpp">
      <Filter>ソース ファイル</Filter>
    </ClCompile>
    <ClCompile Include="engine\Animation\Skeleton.cpp">
      <Filter>ソース ファイル</Filter>
    </ClCompile>
    <ClCompile Include="engine\Editor\SkinningEditor.cpp">
      <Filter>ソース ファイル</Filter>
    </ClCompile>
    <ClCompile Include="engine\Core\ImGuiManager.cpp">
      <Filter>ソース ファイル</Filter>
    </ClCompile>
    <ClCompile Include="engine\Audio\Audio.cpp">
      <Filter>ソース ファイル</Filter>
    </ClCompile>
    <ClCompile Include="engine\Animation\AnimationClip.cpp">
      <Filter>ソース ファイル</Filter>
    </ClCompile>
    <ClCompile Include="engine\Editor\BlenderSync\BlenderLauncher.cpp">
      <Filter>ソース ファイル\engine\Editor\BlenderSync</Filter>
    </ClCompile>
    <ClCompile Include="engine\Editor\BlenderSync\BlenderLiveSync.cpp">
      <Filter>ソース ファイル\engine\Editor\BlenderSync</Filter>
    </ClCompile>
    <ClCompile Include="engine\Editor\BlenderSync\BlenderUdpReceiver.cpp">
      <Filter>ソース ファイル\engine\Editor\BlenderSync</Filter>
    </ClCompile>
    <ClCompile Include="engine\Core\GameViewport.cpp">
      <Filter>ソース ファイル\engine\Core</Filter>
    </ClCompile>
    <ClCompile Include="engine\Core\FrameTimer.cpp">
      <Filter>ソース ファイル\engine\Core</Filter>
    </ClCompile>
    <ClCompile Include="engine\Core\RuntimeModeController.cpp">
      <Filter>ソース ファイル\engine\Core</Filter>
    </ClCompile>
    <ClCompile Include="engine\Editor\Camera\EditorCameraController.cpp">
      <Filter>ソース ファイル\engine\Editor\Camera</Filter>
    </ClCompile>
    <ClCompile Include="engine\Game\Camera\CameraShakeController.cpp">
      <Filter>ソース ファイル\engine\Game\Camera</Filter>
    </ClCompile>
    <ClCompile Include="engine\Game\Camera\RailShooterCameraRig.cpp">
      <Filter>ソース ファイル\engine\Game\Camera</Filter>
    </ClCompile>
    <ClCompile Include="engine\Game\Camera\RailShooterCameraRigProjectile.cpp">
      <Filter>ソース ファイル\engine\Game\Camera</Filter>
    </ClCompile>
    <ClCompile Include="engine\Game\Camera\RailShooterCameraRigExternal.cpp">
      <Filter>ソース ファイル\engine\Game\Camera</Filter>
    </ClCompile>
    <ClCompile Include="engine\Game\Camera\RailShooterCameraRigImGui.cpp">
      <Filter>ソース ファイル\engine\Game\Camera</Filter>
    </ClCompile>
    <ClCompile Include="engine\Game\Camera\RailShooterCameraRigRuntimeV2Boost.cpp">
      <Filter>ソース ファイル\engine\Game\Camera</Filter>
    </ClCompile>
    <ClCompile Include="engine\Game\Camera\RailShooterCameraRigRuntimeV2ImGui.cpp">
      <Filter>ソース ファイル\engine\Game\Camera</Filter>
    </ClCompile>
    <ClCompile Include="engine\Game\Camera\RailShooterCameraRigRuntimeV2Pose.cpp">
      <Filter>ソース ファイル\engine\Game\Camera</Filter>
    </ClCompile>
    <ClCompile Include="engine\Game\Camera\RailShooterCameraRigRailFlightVisual.cpp">
      <Filter>ソース ファイル\engine\Game\Camera</Filter>
    </ClCompile>
    <ClCompile Include="engine\Game\Camera\RailShooterCameraRigInitialCamera.cpp">
      <Filter>ソース ファイル\engine\Game\Camera</Filter>
    </ClCompile>
    <ClCompile Include="engine\Game\UI\WarningUIController.cpp">
      <Filter>ソース ファイル</Filter>
    </ClCompile>
    <ClCompile Include="engine\Game\UI\PlayerHudController.cpp">
      <Filter>ソース ファイル</Filter>
    </ClCompile>
    <ClCompile Include="engine\Game\UI\PlayerHudControllerImGui.cpp">
      <Filter>ソース ファイル</Filter>
    </ClCompile>
    <ClCompile Include="engine\Game\Targeting\AimCorridorTargetMarkerRenderer.cpp">
      <Filter>ソース ファイル</Filter>
    </ClCompile>
    <ClCompile Include="engine\Game\Targeting\AimCorridorTargetingController.cpp">
      <Filter>ソース ファイル</Filter>
    </ClCompile>
    <ClCompile Include="engine\Game\Targeting\AimCorridorTargetingControllerImGui.cpp">
      <Filter>ソース ファイル</Filter>
    </ClCompile>
    <ClCompile Include="engine\Game\Targeting\AimCorridorTargetingProjection.cpp">
      <Filter>ソース ファイル</Filter>
    </ClCompile>
    <ClCompile Include="engine\Game\Targeting\AimCorridorTargetingSelection.cpp">
      <Filter>ソース ファイル</Filter>
    </ClCompile>
    <ClCompile Include="engine\Game\UI\AimCorridorVisualController.cpp">
      <Filter>ソース ファイル</Filter>
    </ClCompile>
    <ClCompile Include="engine\Game\UI\AimCorridorVisualControllerBaseOffset.cpp">
      <Filter>ソース ファイル</Filter>
    </ClCompile>
    <ClCompile Include="engine\Game\UI\AimCorridorVisualControllerImGui.cpp">
      <Filter>ソース ファイル</Filter>
    </ClCompile>
    <ClCompile Include="engine\Game\UI\AimCorridorVisualControllerPresentation.cpp">
      <Filter>ソース ファイル</Filter>
    </ClCompile>
    <ClCompile Include="engine\Game\UI\AimCorridorVisualRenderer.cpp">
      <Filter>ソース ファイル</Filter>
    </ClCompile>
    <ClCompile Include="engine\Game\DebugGui\GameSceneDebugGui.cpp">
      <Filter>ソース ファイル\engine\Game\DebugGui</Filter>
    </ClCompile>
    <ClCompile Include="engine\Game\DebugGui\GameSceneDebugGuiSceneTools.cpp">
      <Filter>ソース ファイル\engine\Game\DebugGui</Filter>
    </ClCompile>
    <ClCompile Include="engine\Game\Collision\PlayerBulletEnemyCollision.cpp">
      <Filter>ソース ファイル\engine\Game\Collision</Filter>
    </ClCompile>
    <ClCompile Include="engine\Game\Collision\PlayerEnemyBulletCollision.cpp">
      <Filter>ソース ファイル\engine\Game\Collision</Filter>
    </ClCompile>
    <ClCompile Include="engine\Game\Effect\CombatEffectController.cpp">
      <Filter>ソース ファイル\engine\Game\Effect</Filter>
    </ClCompile>
    <ClCompile Include="engine\Game\Effect\CombatSlowMotionController.cpp">
      <Filter>ソース ファイル\engine\Game\Effect</Filter>
    </ClCompile>
    <ClCompile Include="engine\Game\Effect\ImpactDistortionController.cpp">
      <Filter>ソース ファイル\engine\Game\Effect</Filter>
    </ClCompile>
    <ClCompile Include="engine\Game\Effect\ImpactDistortionControllerImGui.cpp">
      <Filter>ソース ファイル\engine\Game\Effect</Filter>
    </ClCompile>
    <ClCompile Include="engine\Game\Effect\GpuParticleEffectPlayer.cpp">
      <Filter>ソース ファイル\engine\Game\Effect</Filter>
    </ClCompile>
    <ClCompile Include="engine\Game\Effect\PostEffectController.cpp">
      <Filter>ソース ファイル\engine\Game\Effect</Filter>
    </ClCompile>
    <ClCompile Include="engine\Game\Enemy\Enemy.cpp">
      <Filter>ソース ファイル\engine\Game\Enemy</Filter>
    </ClCompile>
    <ClCompile Include="engine\Game\Enemy\EnemyDefeatEffectController.cpp">
      <Filter>ソース ファイル\engine\Game\Enemy</Filter>
    </ClCompile>
    <ClCompile Include="engine\Game\Enemy\EnemyHitShape.cpp">
      <Filter>ソース ファイル\engine\Game\Enemy</Filter>
    </ClCompile>
    <ClCompile Include="engine\Game\Enemy\EnemyAttackController.cpp">
      <Filter>ソース ファイル\engine\Game\Enemy</Filter>
    </ClCompile>
    <ClCompile Include="engine\Game\Enemy\EnemyLaserTelegraphController.cpp">
      <Filter>ソース ファイル\engine\Game\Enemy</Filter>
    </ClCompile>
    <ClCompile Include="engine\Game\Enemy\EnemyBullet.cpp">
      <Filter>ソース ファイル\engine\Game\Enemy</Filter>
    </ClCompile>
    <ClCompile Include="engine\Game\Enemy\EnemyBulletManager.cpp">
      <Filter>ソース ファイル\engine\Game\Enemy</Filter>
    </ClCompile>
    <ClCompile Include="engine\Game\Enemy\EnemyManager.cpp">
      <Filter>ソース ファイル\engine\Game\Enemy</Filter>
    </ClCompile>
    <ClCompile Include="engine\Game\Field\InfluenceFieldManager.cpp">
      <Filter>ソース ファイル\engine\Game\Field</Filter>
    </ClCompile>
    <ClCompile Include="engine\Game\GameState\GameOverFlowController.cpp">
      <Filter>ソース ファイル\engine\Game\GameState</Filter>
    </ClCompile>
    <ClCompile Include="engine\Game\GameState\PlayerDeathSequenceController.cpp">
      <Filter>ソース ファイル\engine\Game\GameState</Filter>
    </ClCompile>
    <ClCompile Include="engine\Game\Player\BoostController.cpp">
      <Filter>ソース ファイル\engine\Game\Player</Filter>
    </ClCompile>
    <ClCompile Include="engine\Game\Player\Player.cpp">
      <Filter>ソース ファイル\engine\Game\Player</Filter>
    </ClCompile>
    <ClCompile Include="engine\Game\Player\PlayerTransform.cpp">
      <Filter>ソース ファイル\engine\Game\Player</Filter>
    </ClCompile>
    <ClCompile Include="engine\Game\Player\PlayerJetExhaustController.cpp">
      <Filter>ソース ファイル\engine\Game\Player</Filter>
    </ClCompile>
    <ClCompile Include="engine\Game\Player\PlayerJetExhaustControllerImGui.cpp">
      <Filter>ソース ファイル\engine\Game\Player</Filter>
    </ClCompile>
    <ClCompile Include="engine\Game\Player\PlayerJetExhaustBeamCore.cpp">
      <Filter>ソース ファイル\engine\Game\Player</Filter>
    </ClCompile>
    <ClCompile Include="engine\Game\Player\PlayerJetExhaustBeamRenderer.cpp">
      <Filter>ソース ファイル\engine\Game\Player</Filter>
    </ClCompile>
    <ClCompile Include="engine\Game\Player\PlayerSonicBoostRingController.cpp">
      <Filter>ソース ファイル\engine\Game\Player</Filter>
    </ClCompile>
    <ClCompile Include="engine\Game\Player\PlayerBarrelRollRingController.cpp">
      <Filter>ソース ファイル\engine\Game\Player</Filter>
    </ClCompile>
    <ClCompile Include="engine\Game\Player\PlayerBulletCancelEffectController.cpp">
      <Filter>ソース ファイル\engine\Game\Player</Filter>
    </ClCompile>
    <ClCompile Include="engine\Game\Player\PlayerDamageFeedbackController.cpp">
      <Filter>ソース ファイル\engine\Game\Player</Filter>
    </ClCompile>
    <ClCompile Include="engine\Game\Player\PlayerChargeFeedbackController.cpp">
      <Filter>ソース ファイル\engine\Game\Player</Filter>
    </ClCompile>
    <ClCompile Include="engine\Game\Player\PlayerChargeGatherEffectController.cpp">
      <Filter>ソース ファイル\engine\Game\Player</Filter>
    </ClCompile>
    <ClCompile Include="engine\Game\Player\PlayerActionController.cpp">
      <Filter>ソース ファイル\engine\Game\Player</Filter>
    </ClCompile>
    <ClCompile Include="engine\Game\Player\PlayerBulletManager.cpp">
      <Filter>ソース ファイル\engine\Game\Player</Filter>
    </ClCompile>
    <ClCompile Include="engine\Game\Player\PlayerBulletManagerProjectile.cpp">
      <Filter>ソース ファイル\engine\Game\Player</Filter>
    </ClCompile>
    <ClCompile Include="engine\Game\Player\PlayerBulletManagerCollision.cpp">
      <Filter>ソース ファイル\engine\Game\Player</Filter>
    </ClCompile>
    <ClCompile Include="engine\Game\Player\PlayerRailController.cpp">
      <Filter>ソース ファイル\engine\Game\Player</Filter>
    </ClCompile>
    <ClCompile Include="engine\Game\Player\PlayerRailFlightVisualTiltController.cpp">
      <Filter>ソース ファイル\engine\Game\Player</Filter>
    </ClCompile>
    <ClCompile Include="engine\Game\Player\PlayerRailFlightVisualTiltControllerImGui.cpp">
      <Filter>ソース ファイル\engine\Game\Player</Filter>
    </ClCompile>
    <ClCompile Include="engine\Game\RailShooter\RailPathRuntimeV2.cpp">
      <Filter>ソース ファイル\engine\Game\RailShooter</Filter>
    </ClCompile>
    <ClCompile Include="engine\Game\RailShooter\RailPathRuntimeV2ArcLength.cpp">
      <Filter>ソース ファイル\engine\Game\RailShooter</Filter>
    </ClCompile>
    <ClCompile Include="engine\Game\RailShooter\RailPathRuntimeV2Debug.cpp">
      <Filter>ソース ファイル\engine\Game\RailShooter</Filter>
    </ClCompile>
    <ClCompile Include="engine\Game\RailShooter\RailPathRuntimeV2ImGui.cpp">
      <Filter>ソース ファイル\engine\Game\RailShooter</Filter>
    </ClCompile>
    <ClCompile Include="engine\Game\RailShooter\RailPathRuntimeV2Adapter.cpp">
      <Filter>ソース ファイル\engine\Game\RailShooter</Filter>
    </ClCompile>
    <ClCompile Include="engine\Game\RailShooter\ProjectileRailMotionAdapter.cpp">
      <Filter>ソース ファイル\engine\Game\RailShooter</Filter>
    </ClCompile>
    <ClCompile Include="engine\Game\RailShooter\ProjectileRailMotionAdapterImGui.cpp">
      <Filter>ソース ファイル\engine\Game\RailShooter</Filter>
    </ClCompile>
    <ClCompile Include="engine\Game\RailShooter\EnemySpawnActionBridge.cpp">
      <Filter>ソース ファイル\engine\Game\RailShooter</Filter>
    </ClCompile>
    <ClCompile Include="engine\Game\RailShooter\EnemyWaveLoader.cpp">
      <Filter>ソース ファイル\engine\Game\RailShooter</Filter>
    </ClCompile>
    <ClCompile Include="engine\Game\RailShooter\EnemyWaveManager.cpp">
      <Filter>ソース ファイル\engine\Game\RailShooter</Filter>
    </ClCompile>
    <ClCompile Include="engine\Game\RailShooter\EnemyWaveManagerImGui.cpp">
      <Filter>ソース ファイル\engine\Game\RailShooter</Filter>
    </ClCompile>
    <ClCompile Include="engine\Game\RailShooter\EnemyWaveManagerScreenAnchor.cpp">
      <Filter>ソース ファイル\engine\Game\RailShooter</Filter>
    </ClCompile>
    <ClCompile Include="engine\Game\RailShooter\EnemyWaveManagerProgression.cpp">
      <Filter>ソース ファイル\engine\Game\RailShooter</Filter>
    </ClCompile>
    <ClCompile Include="engine\Game\RailShooter\EventActionDispatcher.cpp">
      <Filter>ソース ファイル\engine\Game\RailShooter</Filter>
    </ClCompile>
    <ClCompile Include="engine\Game\RailShooter\PlayerEventTriggerBridge.cpp">
      <Filter>ソース ファイル\engine\Game\RailShooter</Filter>
    </ClCompile>
    <ClCompile Include="engine\Game\RailShooter\PostEffectActionBridge.cpp">
      <Filter>ソース ファイル\engine\Game\RailShooter</Filter>
    </ClCompile>
    <ClCompile Include="engine\Game\RailShooter\RailShooterEventActionBridge.cpp">
      <Filter>ソース ファイル\engine\Game\RailShooter</Filter>
    </ClCompile>
    <ClCompile Include="engine\Game\RailShooter\StartupEnemySpawnController.cpp">
      <Filter>ソース ファイル\engine\Game\RailShooter</Filter>
    </ClCompile>
    <ClCompile Include="engine\Level\LevelEventConnectionVisualizer.cpp">
      <Filter>ソース ファイル\engine\Level</Filter>
    </ClCompile>
    <ClCompile Include="engine\Level\LevelEventDebugView.cpp">
      <Filter>ソース ファイル\engine\Level</Filter>
    </ClCompile>
    <ClCompile Include="engine\Level\LevelEventData.cpp">
      <Filter>ソース ファイル\engine\Level</Filter>
    </ClCompile>
    <ClCompile Include="engine\Level\LevelEventLabelVisualizer.cpp">
      <Filter>ソース ファイル\engine\Level</Filter>
    </ClCompile>
    <ClCompile Include="engine\Level\LevelEventObjectActionVisualizer.cpp">
      <Filter>ソース ファイル\engine\Level</Filter>
    </ClCompile>
    <ClCompile Include="engine\Level\LevelEventRuntime.cpp">
      <Filter>ソース ファイル\engine\Level</Filter>
    </ClCompile>
    <ClCompile Include="engine\Level\LevelEventVisualizer.cpp">
      <Filter>ソース ファイル\engine\Level</Filter>
    </ClCompile>
    <ClCompile Include="engine\Level\LevelObjectDebugVisualizer.cpp">
      <Filter>ソース ファイル\engine\Level</Filter>
    </ClCompile>
    <ClCompile Include="engine\Level\LevelRailDebugVisualizer.cpp">
      <Filter>ソース ファイル\engine\Level</Filter>
    </ClCompile>
    <ClCompile Include="engine\Level\LevelRailEvaluator.cpp">
      <Filter>ソース ファイル\engine\Level</Filter>
    </ClCompile>
    <ClCompile Include="engine\Level\LevelRailRuntime.cpp">
      <Filter>ソース ファイル\engine\Level</Filter>
    </ClCompile>
    <ClCompile Include="engine\Level\LevelRailRuntimeV2Panel.cpp">
      <Filter>ソース ファイル\engine\Level</Filter>
    </ClCompile>
    <ClCompile Include="engine\Level\LevelSceneData.cpp">
      <Filter>ソース ファイル\engine\Level</Filter>
    </ClCompile>
    <ClCompile Include="engine\Level\LevelSceneLoader.cpp">
      <Filter>ソース ファイル\engine\Level</Filter>
    </ClCompile>
    <ClCompile Include="engine\Level\LevelSceneRuntime.cpp">
      <Filter>ソース ファイル\engine\Level</Filter>
    </ClCompile>
    <ClCompile Include="engine\Level\BlenderRailPipelineVerification.cpp">
      <Filter>ソース ファイル\engine\Level</Filter>
    </ClCompile>
    <ClCompile Include="engine\Level\BlenderRailPipelineVerificationImGui.cpp">
      <Filter>ソース ファイル\engine\Level</Filter>
    </ClCompile>
    <ClCompile Include="engine\Level\BlenderRailPipelineVerificationRenderer.cpp">
      <Filter>ソース ファイル\engine\Level</Filter>
    </ClCompile>
    <ClCompile Include="engine\Level\LevelTransformConverter.cpp">
      <Filter>ソース ファイル\engine\Level</Filter>
    </ClCompile>
    <ClCompile Include="MyGame.cpp">
      <Filter>ソース ファイル</Filter>
    </ClCompile>
    <ClCompile Include="SceneManager.cpp">
      <Filter>ソース ファイル</Filter>
    </ClCompile>
    <ClCompile Include="TitleScene.cpp">
      <Filter>ソース ファイル</Filter>
    </ClCompile>
    <ClCompile Include="GameSceneSkinningPreview.cpp">
      <Filter>ソース ファイル</Filter>
    </ClCompile>
    <ClCompile Include="GameSceneInitialize.cpp">
      <Filter>ソース ファイル</Filter>
    </ClCompile>
    <ClCompile Include="GameSceneRuntime.cpp">
      <Filter>ソース ファイル</Filter>
    </ClCompile>
    <ClCompile Include="GameSceneRender.cpp">
      <Filter>ソース ファイル</Filter>
    </ClCompile>
    <ClCompile Include="GameSceneFinalize.cpp">
      <Filter>ソース ファイル</Filter>
    </ClCompile>
    <ClCompile Include="GameScene.cpp">
      <Filter>ソース ファイル</Filter>
    </ClCompile>
    <ClCompile Include="GameOverScene.cpp">
      <Filter>ソース ファイル</Filter>
    </ClCompile>
    <ClCompile Include="engine\Graphics\Particle\GpuParticleCompute.cpp">
      <Filter>ソース ファイル</Filter>
    </ClCompile>
    <ClCompile Include="engine\Graphics\Particle\GpuParticleEffectManager.cpp">
      <Filter>ソース ファイル</Filter>
    </ClCompile>
    <ClCompile Include="engine\Graphics\Particle\GpuParticleEffectSerializer.cpp">
      <Filter>ソース ファイル</Filter>
    </ClCompile>
    <ClCompile Include="engine\Graphics\Particle\GpuParticleEditor.cpp">
      <Filter>ソース ファイル</Filter>
    </ClCompile>
    <ClCompile Include="engine\Graphics\Particle\GpuParticleRenderer.cpp">
      <Filter>ソース ファイル</Filter>
    </ClCompile>
    <ClCompile Include="engine\Graphics\Particle\GpuParticleResources.cpp">
      <Filter>ソース ファイル</Filter>
    </ClCompile>
    <ClCompile Include="engine\Graphics\Particle\GpuParticleSystem.cpp">
      <Filter>ソース ファイル</Filter>
    </ClCompile>
    <ClCompile Include="engine\Graphics\Model\GltfAnimationLoader.cpp">
      <Filter>ソース ファイル</Filter>
    </ClCompile>
    <ClCompile Include="engine\Graphics\Model\GltfSkinnedModel.cpp">
      <Filter>ソース ファイル</Filter>
    </ClCompile>
    <ClCompile Include="engine\Graphics\Model\GltfSkeletonLoader.cpp">
      <Filter>ソース ファイル</Filter>
    </ClCompile>
    <ClCompile Include="engine\Graphics\Skybox\Skybox.cpp">
      <Filter>ソース ファイル</Filter>
    </ClCompile>
    <ClCompile Include="engine\Graphics\Skybox\SkyboxCommon.cpp">
      <Filter>ソース ファイル</Filter>
    </ClCompile>
    <ClCompile Include="engine\Graphics\Cloud\VolumetricCloudPass.cpp">
      <Filter>ソース ファイル</Filter>
    </ClCompile>
    <ClCompile Include="engine\Graphics\Cloud\VolumetricCloudPassLowRes.cpp">
      <Filter>ソース ファイル</Filter>
    </ClCompile>
    <ClCompile Include="engine\Graphics\Cloud\VolumetricCloudPassQuality.cpp">
      <Filter>ソース ファイル</Filter>
    </ClCompile>
    <ClCompile Include="engine\Graphics\Cloud\VolumetricCloudPassVolume.cpp">
      <Filter>ソース ファイル</Filter>
    </ClCompile>
    <ClCompile Include="engine\Graphics\Shadow\ScreenSpaceFakeShadowPass.cpp">
      <Filter>ソース ファイル\engine\Graphics\Shadow</Filter>
    </ClCompile>
  </ItemGroup>
  <ItemGroup>
    <ClInclude Include="engine\math\Matrix4x4.h">
      <Filter>ヘッダー ファイル</Filter>
    </ClInclude>
    <ClInclude Include="externals\imgui\imconfig.h">
      <Filter>imgui</Filter>
    </ClInclude>
    <ClInclude Include="externals\imgui\ImGuizmo.h">
      <Filter>imgui</Filter>
    </ClInclude>
    <ClInclude Include="externals\imgui\imgui.h">
      <Filter>imgui</Filter>
    </ClInclude>
    <ClInclude Include="externals\imgui\imgui_impl_win32.h">
      <Filter>imgui</Filter>
    </ClInclude>
    <ClInclude Include="externals\imgui\imgui_internal.h">
      <Filter>imgui</Filter>
    </ClInclude>
    <ClInclude Include="externals\imgui\imstb_rectpack.h">
      <Filter>imgui</Filter>
    </ClInclude>
    <ClInclude Include="externals\imgui\imstb_textedit.h">
      <Filter>imgui</Filter>
    </ClInclude>
    <ClInclude Include="externals\imgui\imstb_truetype.h">
      <Filter>imgui</Filter>
    </ClInclude>
    <ClInclude Include="engine\Input\Input.h">
      <Filter>ヘッダー ファイル</Filter>
    </ClInclude>
    <ClInclude Include="engine\Core\WinApp.h">
      <Filter>ヘッダー ファイル</Filter>
    </ClInclude>
    <ClInclude Include="engine\Core\DirectXCommon.h">
      <Filter>ヘッダー ファイル</Filter>
    </ClInclude>
    <ClInclude Include="engine\Utility\Logger.h">
      <Filter>ヘッダー ファイル</Filter>
    </ClInclude>
    <ClInclude Include="engine\Utility\StringUtility.h">
      <Filter>ヘッダー ファイル</Filter>
    </ClInclude>
    <ClInclude Include="engine\Core\D3DResourceLeakChecker.h">
      <Filter>ヘッダー ファイル</Filter>
    </ClInclude>
    <ClInclude Include="engine\Graphics\Sprite\SpriteCommon.h">
      <Filter>ヘッダー ファイル</Filter>
    </ClInclude>
    <ClInclude Include="engine\Graphics\Sprite\Sprite.h">
      <Filter>ヘッダー ファイル</Filter>
    </ClInclude>
    <ClInclude Include="engine\Graphics\Texture\TextureManager.h">
      <Filter>ヘッダー ファイル</Filter>
    </ClInclude>
    <ClInclude Include="externals\imgui\imgui_impl_dx12.h">
      <Filter>ソース ファイル</Filter>
    </ClInclude>
    <ClInclude Include="engine\Graphics\Object3d\Object3dCommon.h">
      <Filter>ヘッダー ファイル</Filter>
    </ClInclude>
    <ClInclude Include="engine\Graphics\Object3d\Object3d.h">
      <Filter>ヘッダー ファイル</Filter>
    </ClInclude>
    <ClInclude Include="engine\Graphics\Model\ModelCommon.h">
      <Filter>ヘッダー ファイル</Filter>
    </ClInclude>
    <ClInclude Include="engine\Graphics\Model\Model.h">
      <Filter>ヘッダー ファイル</Filter>
    </ClInclude>
    <ClInclude Include="engine\Graphics\Model\ModelManager.h">
      <Filter>ヘッダー ファイル</Filter>
    </ClInclude>
    <ClInclude Include="engine\Graphics\Camera\Camera.h">
      <Filter>ヘッダー ファイル</Filter>
    </ClInclude>
    <ClInclude Include="engine\Graphics\Cloud\CloudVolume.h">
      <Filter>ヘッダー ファイル</Filter>
    </ClInclude>
    <ClInclude Include="engine\Graphics\Effect\CylinderEffect.h">
      <Filter>ヘッダー ファイル</Filter>
    </ClInclude>
    <ClInclude Include="engine\Graphics\Effect\PrimitiveEffectSystem.h">
      <Filter>ヘッダー ファイル</Filter>
    </ClInclude>
    <ClInclude Include="engine\Graphics\Effect\PrimitiveEffectTypes.h">
      <Filter>ヘッダー ファイル</Filter>
    </ClInclude>
    <ClInclude Include="engine\Graphics\Effect\RingEffect.h">
      <Filter>ヘッダー ファイル</Filter>
    </ClInclude>
    <ClInclude Include="engine\Graphics\Effect\RotatingPlaneHitEffect.h">
      <Filter>ヘッダー ファイル</Filter>
    </ClInclude>
    <ClInclude Include="engine\Core\SrvManager.h">
      <Filter>ヘッダー ファイル</Filter>
    </ClInclude>
    <ClInclude Include="engine\Graphics\Particle\ParticleManager.h">
      <Filter>ヘッダー ファイル</Filter>
    </ClInclude>
    <ClInclude Include="engine\Graphics\Model\PrimitiveGenerator.h">
      <Filter>ヘッダー ファイル</Filter>
    </ClInclude>
    <ClInclude Include="engine\Animation\Skeleton.h">
      <Filter>ヘッダー ファイル</Filter>
    </ClInclude>
    <ClInclude Include="engine\Editor\SkinningEditor.h">
      <Filter>ヘッダー ファイル</Filter>
    </ClInclude>
    <ClInclude Include="engine\Core\ImGuiManager.h">
      <Filter>ヘッダー ファイル</Filter>
    </ClInclude>
    <ClInclude Include="engine\Audio\Audio.h">
      <Filter>ヘッダー ファイル</Filter>
    </ClInclude>
    <ClInclude Include="engine\Animation\AnimationClip.h">
      <Filter>ヘッダー ファイル</Filter>
    </ClInclude>
    <ClInclude Include="engine\Editor\BlenderSync\BlenderLauncher.h">
      <Filter>ヘッダー ファイル\engine\Editor\BlenderSync</Filter>
    </ClInclude>
    <ClInclude Include="engine\Editor\BlenderSync\BlenderLiveSync.h">
      <Filter>ヘッダー ファイル\engine\Editor\BlenderSync</Filter>
    </ClInclude>
    <ClInclude Include="engine\Editor\BlenderSync\BlenderSyncTypes.h">
      <Filter>ヘッダー ファイル\engine\Editor\BlenderSync</Filter>
    </ClInclude>
    <ClInclude Include="engine\Editor\BlenderSync\BlenderUdpReceiver.h">
      <Filter>ヘッダー ファイル\engine\Editor\BlenderSync</Filter>
    </ClInclude>
    <ClInclude Include="engine\Core\GameViewport.h">
      <Filter>ヘッダー ファイル\engine\Core</Filter>
    </ClInclude>
    <ClInclude Include="engine\Core\FrameTimer.h">
      <Filter>ヘッダー ファイル\engine\Core</Filter>
    </ClInclude>
    <ClInclude Include="engine\Core\RuntimeModeController.h">
      <Filter>ヘッダー ファイル\engine\Core</Filter>
    </ClInclude>
    <ClInclude Include="engine\Editor\Camera\EditorCameraController.h">
      <Filter>ヘッダー ファイル\engine\Editor\Camera</Filter>
    </ClInclude>
    <ClInclude Include="engine\Game\Camera\RailShooterCameraRig.h">
      <Filter>ヘッダー ファイル\engine\Game\Camera</Filter>
    </ClInclude>
    <ClInclude Include="engine\Game\Camera\CameraShakeController.h">
      <Filter>ヘッダー ファイル\engine\Game\Camera</Filter>
    </ClInclude>
    <ClInclude Include="engine\Game\UI\WarningUIController.h">
      <Filter>ヘッダー ファイル</Filter>
    </ClInclude>
    <ClInclude Include="engine\Game\UI\PlayerHudController.h">
      <Filter>ヘッダー ファイル</Filter>
    </ClInclude>
    <ClInclude Include="engine\Game\Targeting\AimCorridorTargetMarkerRenderer.h">
      <Filter>ヘッダー ファイル</Filter>
    </ClInclude>
    <ClInclude Include="engine\Game\Targeting\AimCorridorTargetingController.h">
      <Filter>ヘッダー ファイル</Filter>
    </ClInclude>
    <ClInclude Include="engine\Game\UI\AimCorridorVisualController.h">
      <Filter>ヘッダー ファイル</Filter>
    </ClInclude>
    <ClInclude Include="engine\Game\UI\AimCorridorVisualRenderer.h">
      <Filter>ヘッダー ファイル</Filter>
    </ClInclude>
    <ClInclude Include="engine\Game\DebugGui\GameSceneDebugGui.h">
      <Filter>ヘッダー ファイル\engine\Game\DebugGui</Filter>
    </ClInclude>
    <ClInclude Include="engine\Game\Collision\PlayerBulletEnemyCollision.h">
      <Filter>ヘッダー ファイル\engine\Game\Collision</Filter>
    </ClInclude>
    <ClInclude Include="engine\Game\Collision\PlayerEnemyBulletCollision.h">
      <Filter>ヘッダー ファイル\engine\Game\Collision</Filter>
    </ClInclude>
    <ClInclude Include="engine\Game\Effect\CombatEffectController.h">
      <Filter>ヘッダー ファイル\engine\Game\Effect</Filter>
    </ClInclude>
    <ClInclude Include="engine\Game\Effect\CombatSlowMotionController.h">
      <Filter>ヘッダー ファイル\engine\Game\Effect</Filter>
    </ClInclude>
    <ClInclude Include="engine\Game\Effect\ImpactDistortionController.h">
      <Filter>ヘッダー ファイル\engine\Game\Effect</Filter>
    </ClInclude>
    <ClInclude Include="engine\Game\Effect\GpuParticleEffectPlayer.h">
      <Filter>ヘッダー ファイル\engine\Game\Effect</Filter>
    </ClInclude>
    <ClInclude Include="engine\Game\Effect\PostEffectController.h">
      <Filter>ヘッダー ファイル\engine\Game\Effect</Filter>
    </ClInclude>
    <ClInclude Include="engine\Game\Enemy\Enemy.h">
      <Filter>ヘッダー ファイル\engine\Game\Enemy</Filter>
    </ClInclude>
    <ClInclude Include="engine\Game\Enemy\EnemyDefeatEffectController.h">
      <Filter>ヘッダー ファイル\engine\Game\Enemy</Filter>
    </ClInclude>
    <ClInclude Include="engine\Game\Enemy\EnemyAttackController.h">
      <Filter>ヘッダー ファイル\engine\Game\Enemy</Filter>
    </ClInclude>
    <ClInclude Include="engine\Game\Enemy\EnemyLaserTelegraphController.h">
      <Filter>ヘッダー ファイル\engine\Game\Enemy</Filter>
    </ClInclude>
    <ClInclude Include="engine\Game\Enemy\EnemyBullet.h">
      <Filter>ヘッダー ファイル\engine\Game\Enemy</Filter>
    </ClInclude>
    <ClInclude Include="engine\Game\Enemy\EnemyBulletManager.h">
      <Filter>ヘッダー ファイル\engine\Game\Enemy</Filter>
    </ClInclude>
    <ClInclude Include="engine\Game\Enemy\EnemyManager.h">
      <Filter>ヘッダー ファイル\engine\Game\Enemy</Filter>
    </ClInclude>
    <ClInclude Include="engine\Game\Field\InfluenceField.h">
      <Filter>ヘッダー ファイル\engine\Game\Field</Filter>
    </ClInclude>
    <ClInclude Include="engine\Game\Field\InfluenceFieldManager.h">
      <Filter>ヘッダー ファイル\engine\Game\Field</Filter>
    </ClInclude>
    <ClInclude Include="engine\Game\GameState\GameOverFlowController.h">
      <Filter>ヘッダー ファイル\engine\Game\GameState</Filter>
    </ClInclude>
    <ClInclude Include="engine\Game\GameState\PlayerDeathSequenceController.h">
      <Filter>ヘッダー ファイル\engine\Game\GameState</Filter>
    </ClInclude>
    <ClInclude Include="engine\Game\Player\BoostController.h">
      <Filter>ヘッダー ファイル\engine\Game\Player</Filter>
    </ClInclude>
    <ClInclude Include="engine\Game\Player\Player.h">
      <Filter>ヘッダー ファイル\engine\Game\Player</Filter>
    </ClInclude>
    <ClInclude Include="engine\Game\Player\PlayerJetExhaustController.h">
      <Filter>ヘッダー ファイル\engine\Game\Player</Filter>
    </ClInclude>
    <ClInclude Include="engine\Game\Player\PlayerJetExhaustBeamCore.h">
      <Filter>ヘッダー ファイル\engine\Game\Player</Filter>
    </ClInclude>
    <ClInclude Include="engine\Game\Player\PlayerJetExhaustBeamRenderer.h">
      <Filter>ヘッダー ファイル\engine\Game\Player</Filter>
    </ClInclude>
    <ClInclude Include="engine\Game\Player\PlayerSonicBoostRingController.h">
      <Filter>ヘッダー ファイル\engine\Game\Player</Filter>
    </ClInclude>
    <ClInclude Include="engine\Game\Player\PlayerBarrelRollRingController.h">
      <Filter>ヘッダー ファイル\engine\Game\Player</Filter>
    </ClInclude>
    <ClInclude Include="engine\Game\Player\PlayerBulletCancelEffectController.h">
      <Filter>ヘッダー ファイル\engine\Game\Player</Filter>
    </ClInclude>
    <ClInclude Include="engine\Game\Player\PlayerDamageFeedbackController.h">
      <Filter>ヘッダー ファイル\engine\Game\Player</Filter>
    </ClInclude>
    <ClInclude Include="engine\Game\Player\PlayerChargeFeedbackController.h">
      <Filter>ヘッダー ファイル\engine\Game\Player</Filter>
    </ClInclude>
    <ClInclude Include="engine\Game\Player\PlayerChargeGatherEffectController.h">
      <Filter>ヘッダー ファイル\engine\Game\Player</Filter>
    </ClInclude>
    <ClInclude Include="engine\Game\Player\PlayerActionController.h">
      <Filter>ヘッダー ファイル\engine\Game\Player</Filter>
    </ClInclude>
    <ClInclude Include="engine\Game\Player\PlayerBulletManager.h">
      <Filter>ヘッダー ファイル\engine\Game\Player</Filter>
    </ClInclude>
    <ClInclude Include="engine\Game\Player\PlayerRailController.h">
      <Filter>ヘッダー ファイル\engine\Game\Player</Filter>
    </ClInclude>
    <ClInclude Include="engine\Game\Player\PlayerRailFlightVisualTiltController.h">
      <Filter>ヘッダー ファイル\engine\Game\Player</Filter>
    </ClInclude>
    <ClInclude Include="engine\Game\RailShooter\RailPathRuntimeV2.h">
      <Filter>ヘッダー ファイル\engine\Game\RailShooter</Filter>
    </ClInclude>
    <ClInclude Include="engine\Game\RailShooter\RailPathRuntimeV2Adapter.h">
      <Filter>ヘッダー ファイル\engine\Game\RailShooter</Filter>
    </ClInclude>
    <ClInclude Include="engine\Game\RailShooter\ProjectileRailMotionAdapter.h">
      <Filter>ヘッダー ファイル\engine\Game\RailShooter</Filter>
    </ClInclude>
    <ClInclude Include="engine\Game\RailShooter\EnemySpawnActionBridge.h">
      <Filter>ヘッダー ファイル\engine\Game\RailShooter</Filter>
    </ClInclude>
    <ClInclude Include="engine\Game\RailShooter\EnemyWaveData.h">
      <Filter>ヘッダー ファイル\engine\Game\RailShooter</Filter>
    </ClInclude>
    <ClInclude Include="engine\Game\RailShooter\EnemyWaveLoader.h">
      <Filter>ヘッダー ファイル\engine\Game\RailShooter</Filter>
    </ClInclude>
    <ClInclude Include="engine\Game\RailShooter\EnemyWaveManager.h">
      <Filter>ヘッダー ファイル\engine\Game\RailShooter</Filter>
    </ClInclude>
    <ClInclude Include="engine\Game\RailShooter\EventActionDispatcher.h">
      <Filter>ヘッダー ファイル\engine\Game\RailShooter</Filter>
    </ClInclude>
    <ClInclude Include="engine\Game\RailShooter\PlayerEventTriggerBridge.h">
      <Filter>ヘッダー ファイル\engine\Game\RailShooter</Filter>
    </ClInclude>
    <ClInclude Include="engine\Game\RailShooter\PostEffectActionBridge.h">
      <Filter>ヘッダー ファイル\engine\Game\RailShooter</Filter>
    </ClInclude>
    <ClInclude Include="engine\Game\RailShooter\RailShooterEventActionBridge.h">
      <Filter>ヘッダー ファイル\engine\Game\RailShooter</Filter>
    </ClInclude>
    <ClInclude Include="engine\Game\RailShooter\StartupEnemySpawnController.h">
      <Filter>ヘッダー ファイル\engine\Game\RailShooter</Filter>
    </ClInclude>
    <ClInclude Include="engine\Level\LevelEventConnectionVisualizer.h">
      <Filter>ヘッダー ファイル\engine\Level</Filter>
    </ClInclude>
    <ClInclude Include="engine\Level\LevelEventDebugView.h">
      <Filter>ヘッダー ファイル\engine\Level</Filter>
    </ClInclude>
    <ClInclude Include="engine\Level\LevelEventData.h">
      <Filter>ヘッダー ファイル\engine\Level</Filter>
    </ClInclude>
    <ClInclude Include="engine\Level\LevelEventLabelVisualizer.h">
      <Filter>ヘッダー ファイル\engine\Level</Filter>
    </ClInclude>
    <ClInclude Include="engine\Level\LevelEventObjectActionVisualizer.h">
      <Filter>ヘッダー ファイル\engine\Level</Filter>
    </ClInclude>
    <ClInclude Include="engine\Level\LevelEventRuntime.h">
      <Filter>ヘッダー ファイル\engine\Level</Filter>
    </ClInclude>
    <ClInclude Include="engine\Level\LevelEventVisualizer.h">
      <Filter>ヘッダー ファイル\engine\Level</Filter>
    </ClInclude>
    <ClInclude Include="engine\Level\LevelObjectDebugVisualizer.h">
      <Filter>ヘッダー ファイル\engine\Level</Filter>
    </ClInclude>
    <ClInclude Include="engine\Level\LevelRailData.h">
      <Filter>ヘッダー ファイル\engine\Level</Filter>
    </ClInclude>
    <ClInclude Include="engine\Level\LevelRailDebugVisualizer.h">
      <Filter>ヘッダー ファイル\engine\Level</Filter>
    </ClInclude>
    <ClInclude Include="engine\Level\LevelRailEvaluator.h">
      <Filter>ヘッダー ファイル\engine\Level</Filter>
    </ClInclude>
    <ClInclude Include="engine\Level\LevelRailRuntime.h">
      <Filter>ヘッダー ファイル\engine\Level</Filter>
    </ClInclude>
    <ClInclude Include="engine\Level\LevelSceneData.h">
      <Filter>ヘッダー ファイル\engine\Level</Filter>
    </ClInclude>
    <ClInclude Include="engine\Level\LevelSceneLoader.h">
      <Filter>ヘッダー ファイル\engine\Level</Filter>
    </ClInclude>
    <ClInclude Include="engine\Level\LevelSceneRuntime.h">
      <Filter>ヘッダー ファイル\engine\Level</Filter>
    </ClInclude>
    <ClInclude Include="engine\Level\BlenderRailPipelineVerification.h">
      <Filter>ヘッダー ファイル\engine\Level</Filter>
    </ClInclude>
    <ClInclude Include="engine\Level\BlenderRailPipelineVerificationRenderer.h">
      <Filter>ヘッダー ファイル\engine\Level</Filter>
    </ClInclude>
    <ClInclude Include="engine\Level\LevelTransformConverter.h">
      <Filter>ヘッダー ファイル\engine\Level</Filter>
    </ClInclude>
    <ClInclude Include="MyGame.h">
      <Filter>ヘッダー ファイル</Filter>
    </ClInclude>
    <ClInclude Include="engine\Scene\IScene.h">
      <Filter>ヘッダー ファイル</Filter>
    </ClInclude>
    <ClInclude Include="SceneManager.h">
      <Filter>ヘッダー ファイル</Filter>
    </ClInclude>
    <ClInclude Include="TitleScene.h">
      <Filter>ヘッダー ファイル</Filter>
    </ClInclude>
    <ClInclude Include="GameScene.h">
      <Filter>ヘッダー ファイル</Filter>
    </ClInclude>
    <ClInclude Include="GameOverScene.h">
      <Filter>ヘッダー ファイル</Filter>
    </ClInclude>
    <ClInclude Include="engine\Graphics\Particle\GpuParticleCompute.h">
      <Filter>ヘッダー ファイル</Filter>
    </ClInclude>
    <ClInclude Include="engine\Graphics\Particle\GpuParticleEffectData.h">
      <Filter>ヘッダー ファイル</Filter>
    </ClInclude>
    <ClInclude Include="engine\Graphics\Particle\GpuParticleEffectManager.h">
      <Filter>ヘッダー ファイル</Filter>
    </ClInclude>
    <ClInclude Include="engine\Graphics\Particle\GpuParticleEffectSerializer.h">
      <Filter>ヘッダー ファイル</Filter>
    </ClInclude>
    <ClInclude Include="engine\Graphics\Particle\GpuParticleEditor.h">
      <Filter>ヘッダー ファイル</Filter>
    </ClInclude>
    <ClInclude Include="engine\Graphics\Particle\GpuParticleRenderer.h">
      <Filter>ヘッダー ファイル</Filter>
    </ClInclude>
    <ClInclude Include="engine\Graphics\Particle\GpuParticleResources.h">
      <Filter>ヘッダー ファイル</Filter>
    </ClInclude>
    <ClInclude Include="engine\Graphics\Particle\GpuParticleSystem.h">
      <Filter>ヘッダー ファイル</Filter>
    </ClInclude>
    <ClInclude Include="engine\Graphics\Particle\GpuParticleTypes.h">
      <Filter>ヘッダー ファイル</Filter>
    </ClInclude>
    <ClInclude Include="engine\Graphics\Model\GltfAnimationLoader.h">
      <Filter>ヘッダー ファイル</Filter>
    </ClInclude>
    <ClInclude Include="engine\Graphics\Model\GltfSkinnedModel.h">
      <Filter>ヘッダー ファイル</Filter>
    </ClInclude>
    <ClInclude Include="engine\Graphics\Model\GltfSkeletonLoader.h">
      <Filter>ヘッダー ファイル</Filter>
    </ClInclude>
    <ClInclude Include="engine\Graphics\Skybox\Skybox.h">
      <Filter>ヘッダー ファイル</Filter>
    </ClInclude>
    <ClInclude Include="engine\Graphics\Skybox\SkyboxCommon.h">
      <Filter>ヘッダー ファイル</Filter>
    </ClInclude>
    <ClInclude Include="engine\Graphics\Cloud\VolumetricCloudPass.h">
      <Filter>ヘッダー ファイル</Filter>
    </ClInclude>
    <ClInclude Include="engine\Graphics\Shadow\ScreenSpaceFakeShadowPass.h">
      <Filter>ヘッダー ファイル\engine\Graphics\Shadow</Filter>
    </ClInclude>
  </ItemGroup>
  <ItemGroup>
    <Text Include="externals\imgui\LICENSE.txt">
      <Filter>imgui</Filter>
    </Text>
  </ItemGroup>
  <ItemGroup>
    <FxCompile Include="resources\shaders\AimCorridor.PS.hlsl">
      <Filter>リソース ファイル</Filter>
    </FxCompile>
    <FxCompile Include="resources\shaders\AimCorridor.VS.hlsl">
      <Filter>リソース ファイル</Filter>
    </FxCompile>
    <FxCompile Include="resources\shaders\GaussianBlurX.PS.hlsl">
      <Filter>リソース ファイル</Filter>
    </FxCompile>
    <FxCompile Include="resources\shaders\GaussianBlurY.PS.hlsl">
      <Filter>リソース ファイル</Filter>
    </FxCompile>
    <FxCompile Include="resources\shaders\CopyImage.PS.hlsl">
      <Filter>リソース ファイル</Filter>
    </FxCompile>
    <FxCompile Include="resources\shaders\ImpactDistortion.PS.hlsl">
      <Filter>リソース ファイル</Filter>
    </FxCompile>
    <FxCompile Include="resources\shaders\CopyImage.VS.hlsl">
      <Filter>リソース ファイル</Filter>
    </FxCompile>
    <FxCompile Include="resources\shaders\GpuParticle.PS.hlsl">
      <Filter>リソース ファイル</Filter>
    </FxCompile>
    <FxCompile Include="resources\shaders\GpuParticle.VS.hlsl">
      <Filter>リソース ファイル</Filter>
    </FxCompile>
    <FxCompile Include="resources\shaders\EmitParticle.CS.hlsl">
      <Filter>リソース ファイル</Filter>
    </FxCompile>
    <FxCompile Include="resources\shaders\InitializeParticle.CS.hlsl">
      <Filter>リソース ファイル</Filter>
    </FxCompile>
    <FxCompile Include="resources\shaders\InitializeFreeList.CS.hlsl">
      <Filter>リソース ファイル</Filter>
    </FxCompile>
    <FxCompile Include="resources\shaders\UpdateParticle.CS.hlsl">
      <Filter>リソース ファイル</Filter>
    </FxCompile>
    <FxCompile Include="resources\shaders\RecycleDeadParticle.CS.hlsl">
      <Filter>リソース ファイル</Filter>
    </FxCompile>
    <FxCompile Include="resources\shaders\Object3d.PS.hlsl">
      <Filter>リソース ファイル</Filter>
    </FxCompile>
    <FxCompile Include="resources\shaders\Object3d.VS.hlsl">
      <Filter>リソース ファイル</Filter>
    </FxCompile>
    <FxCompile Include="resources\shaders\Particle.PS.hlsl">
      <Filter>リソース ファイル</Filter>
    </FxCompile>
    <FxCompile Include="resources\shaders\Particle.VS.hlsl">
      <Filter>リソース ファイル</Filter>
    </FxCompile>
    <FxCompile Include="resources\shaders\Skybox.PS.hlsl">
      <Filter>リソース ファイル</Filter>
    </FxCompile>
    <FxCompile Include="resources\shaders\Skybox.VS.hlsl">
      <Filter>リソース ファイル</Filter>
    </FxCompile>
    <FxCompile Include="resources\shaders\Skinning.CS.hlsl">
      <Filter>リソース ファイル</Filter>
    </FxCompile>
    <FxCompile Include="resources\shaders\Sprite.PS.hlsl">
      <Filter>リソース ファイル</Filter>
    </FxCompile>
    <FxCompile Include="resources\shaders\Sprite.VS.hlsl">
      <Filter>リソース ファイル</Filter>
    </FxCompile>
    <FxCompile Include="resources\shaders\VolumetricCloud.PS.hlsl">
      <Filter>リソース ファイル</Filter>
    </FxCompile>
    <FxCompile Include="resources\shaders\VolumetricCloudComposite.PS.hlsl">
      <Filter>リソース ファイル</Filter>
    </FxCompile>
  </ItemGroup>
  <ItemGroup>
    <None Include="resources\shaders\CopyImage.hlsli">
      <Filter>リソース ファイル</Filter>
    </None>
    <None Include="resources\shaders\GpuParticle.hlsli">
      <Filter>リソース ファイル</Filter>
    </None>
    <None Include="resources\shaders\Object3d.hlsli">
      <Filter>リソース ファイル</Filter>
    </None>
    <None Include="resources\shaders\Particle.hlsli">
      <Filter>リソース ファイル</Filter>
    </None>
    <None Include="resources\shaders\Sprite.hlsli">
      <Filter>リソース ファイル</Filter>
    </None>
  </ItemGroup>
</Project>

